cloud.google.com/go v0.11.1-0.20170815003338-8445b44eb266 h1:WWMjUXGIBLXRD7PhtctQIL4Qfe/FK77orKwrsOetTes=
cloud.google.com/go v0.11.1-0.20170815003338-8445b44eb266/go.mod h1:aQUYkXzVsufM+DwF1aE+0xfcU+56JwCaLick0ClmMTw=
github.com/gorilla/context v1.1.1 h1:AWwleXJkX/nhcU9bZSnZoi3h/qGYqQAGhq6zZe/aQW8=
github.com/gorilla/context v1.1.1/go.mod h1:kBGZzfjB9CEq2AlWe17Uuf7NDRt0dE0s8S51q0aT7Yg=
github.com/gorilla/securecookie v1.1.1 h1:miw7JPhV+b/lAHSXz4qd/nN9jRiAFV5FwjeKyCS8BvQ=
github.com/gorilla/securecookie v1.1.1/go.mod h1:ra0sb63/xPlUeL+yeDciTfxMRAA+MP+HVt/4epWDjd4=
github.com/gorilla/sessions v0.0.0-20170802141718-b61c93cb7f67 h1:VdH0BDsHNMeY3k2FFrRfu7N8x7TsW40nnwvwFnvFDLA=
github.com/gorilla/sessions v0.0.0-20170802141718-b61c93cb7f67/go.mod h1:+WVp8kdw6VhyKExm03PAMRn2ZxnPtm58pV0dBVPdhHE=
github.com/joeshaw/envdecode v0.0.0-20170502020559-6326cbed175e h1:OjHamqOoW5L+YgnzK3JBoMCLLhximcwxDFvjLqXeeJ0=
github.com/joeshaw/envdecode v0.0.0-20170502020559-6326cbed175e/go.mod h1:Q+alOFAXgW5SrcfMPt/G4B2oN+qEcQRJjkn/f4mKL04=
github.com/pkg/errors v0.8.1-0.20170505043639-c605e284fe17 h1:+adyfd5YBtuLL2FbDEn0GitOinGeMH0levy3o62TMF0=
github.com/pkg/errors v0.8.1-0.20170505043639-c605e284fe17/go.mod h1:bwawxfHBFNV+L2hUp1rHADufV3IMtnDRdf1r5NINEl0=
golang.org/x/net v0.38.0 h1:vRMAPTMaeGqVhG5QyLJHqNDwecKTomGeqbnfZyKlBI8=
golang.org/x/net v0.38.0/go.mod h1:ivrbrMbzFq5J41QOQh0siUuly180yBYtLp+CKbEaFx8=
golang.org/x/oauth2 v0.33.0 h1:4Q+qn+E5z8gPRJfmRy7C2gGG3T4jIprK6aSYgTXGRpo=
golang.org/x/oauth2 v0.33.0/go.mod h1:lzm5WQJQwKZ3nwavOZ3IS5Aulzxi68dUSgRHujetwEA=
